
Microsoft Visual Studio Solution File, Format Version 12.00
# Visual Studio 2012
Project("{FAE04EC0-301F-11D3-BF4B-00C04F79EFBC}") = "PathFinder", "PathFinder\PathFinder.csproj", "{9DDB6FA9-5E28-4750-AB5F-FDCD672B186F}"
EndProject
Project("{FAE04EC0-301F-11D3-BF4B-00C04F79EFBC}") = "Path finder.Tests", "PathFinder.Tests\Path finder.Tests.csproj", "{68BE209E-37E1-4A06-A409-EEA96692EDF0}"
EndProject
Project("{FAE04EC0-301F-11D3-BF4B-00C04F79EFBC}") = "PathRenderAgent", "PathRenderAgent\PathRenderAgent.csproj", "{3959A3B2-6BEF-4614-8DAB-0B1406D45A58}"
EndProject
Project("{FAE04EC0-301F-11D3-BF4B-00C04F79EFBC}") = "PathFinderCommon", "PathFinderCommon\PathFinderCommon.csproj", "{8146D231-3331-4EE3-8210-81B77D07FB90}"
EndProject
Project("{FAE04EC0-301F-11D3-BF4B-00C04F79EFBC}") = "PathFinderAlgorithms", "PathFinderAlgorithms\PathFinderAlgorithms.csproj", "{37C93D0A-0C83-417D-9B8E-64A046880F4F}"
EndProject
Global
	GlobalSection(SolutionConfigurationPlatforms) = preSolution
		Debug|Any CPU = Debug|Any CPU
		Release|Any CPU = Release|Any CPU
	EndGlobalSection
	GlobalSection(ProjectConfigurationPlatforms) = postSolution
		{9DDB6FA9-5E28-4750-AB5F-FDCD672B186F}.Debug|Any CPU.ActiveCfg = Debug|Any CPU
		{9DDB6FA9-5E28-4750-AB5F-FDCD672B186F}.Debug|Any CPU.Build.0 = Debug|Any CPU
		{9DDB6FA9-5E28-4750-AB5F-FDCD672B186F}.Release|Any CPU.ActiveCfg = Release|Any CPU
		{9DDB6FA9-5E28-4750-AB5F-FDCD672B186F}.Release|Any CPU.Build.0 = Release|Any CPU
		{68BE209E-37E1-4A06-A409-EEA96692EDF0}.Debug|Any CPU.ActiveCfg = Debug|Any CPU
		{68BE209E-37E1-4A06-A409-EEA96692EDF0}.Debug|Any CPU.Build.0 = Debug|Any CPU
		{68BE209E-37E1-4A06-A409-EEA96692EDF0}.Release|Any CPU.ActiveCfg = Release|Any CPU
		{68BE209E-37E1-4A06-A409-EEA96692EDF0}.Release|Any CPU.Build.0 = Release|Any CPU
		{3959A3B2-6BEF-4614-8DAB-0B1406D45A58}.Debug|Any CPU.ActiveCfg = Debug|Any CPU
		{3959A3B2-6BEF-4614-8DAB-0B1406D45A58}.Debug|Any CPU.Build.0 = Debug|Any CPU
		{3959A3B2-6BEF-4614-8DAB-0B1406D45A58}.Release|Any CPU.ActiveCfg = Release|Any CPU
		{3959A3B2-6BEF-4614-8DAB-0B1406D45A58}.Release|Any CPU.Build.0 = Release|Any CPU
		{8146D231-3331-4EE3-8210-81B77D07FB90}.Debug|Any CPU.ActiveCfg = Debug|Any CPU
		{8146D231-3331-4EE3-8210-81B77D07FB90}.Debug|Any CPU.Build.0 = Debug|Any CPU
		{8146D231-3331-4EE3-8210-81B77D07FB90}.Release|Any CPU.ActiveCfg = Release|Any CPU
		{8146D231-3331-4EE3-8210-81B77D07FB90}.Release|Any CPU.Build.0 = Release|Any CPU
		{37C93D0A-0C83-417D-9B8E-64A046880F4F}.Debug|Any CPU.ActiveCfg = Debug|Any CPU
		{37C93D0A-0C83-417D-9B8E-64A046880F4F}.Debug|Any CPU.Build.0 = Debug|Any CPU
		{37C93D0A-0C83-417D-9B8E-64A046880F4F}.Release|Any CPU.ActiveCfg = Release|Any CPU
		{37C93D0A-0C83-417D-9B8E-64A046880F4F}.Release|Any CPU.Build.0 = Release|Any CPU
	EndGlobalSection
	GlobalSection(SolutionProperties) = preSolution
		HideSolutionNode = FALSE
	EndGlobalSection
EndGlobal
